<Solution>
  <Folder Name="/src/">
    <Project Path="src\BankingServiceCallbackHandlerProject\BankingServiceCallbackHandlerProject.csproj" Type="Classic C#" />
    <Project Path="src\BankingServicePresentationProject\BankingServicePresentationProject.csproj" Type="Classic C#" />
    <Project Path="src\BankingServiceProject\BankingServiceProject.csproj" Type="Classic C#" />
    <Project Path="src\BankingServiceRepositoryProject\BankingServiceRepositoryProject.csproj" Type="Classic C#" />
    <Project Path="src\BankingServiceShared\BankingServiceShared.csproj" Type="Classic C#" />
    <Project Path="src\MockBankingProviderProject\MockBankingProviderProject.csproj" Type="Classic C#" />
  </Folder>
  <Folder Name="/tests/">
    <Project Path="tests\BankingService.Tests.csproj" Type="Classic C#" />
  </Folder>
</Solution>