<Solution>
  <Folder Name="/src/" />
  <Folder Name="/tests/">
    <Project Path="tests\BankingService.Tests.csproj" Type="Classic C#" />
  </Folder>
  <Project Path="src\BankingServicePresentationLayerProject\BankingServicePresentationLayerProject.csproj" Type="Classic C#" />
  <Project Path="src\BankingServiceProject\BankingServiceProject.csproj" Type="Classic C#" />
  <Project Path="src\BankingServiceRepositoryProject\BankingServiceRepositoryProject.csproj" Type="Classic C#" />
</Solution>